
Microsoft Visual Studio Solution File, Format Version 12.00
# Visual Studio Version 17
VisualStudioVersion = 17.0.31710.8
MinimumVisualStudioVersion = 10.0.40219.1
Project("{FAE04EC0-301F-11D3-BF4B-00C04F79EFBC}") = "ES.SFTP", "ES.SFTP\ES.SFTP.csproj", "{AA23AF3B-923C-4E65-BC4C-4E5663E29B1F}"
EndProject
Global
	GlobalSection(SolutionConfigurationPlatforms) = preSolution
		Debug|Any CPU = Debug|Any CPU
		Release|Any CPU = Release|Any CPU
	EndGlobalSection
	GlobalSection(ProjectConfigurationPlatforms) = postSolution
		{AA23AF3B-923C-4E65-BC4C-4E5663E29B1F}.Debug|Any CPU.ActiveCfg = Debug|Any CPU
		{AA23AF3B-923C-4E65-BC4C-4E5663E29B1F}.Debug|Any CPU.Build.0 = Debug|Any CPU
		{AA23AF3B-923C-4E65-BC4C-4E5663E29B1F}.Release|Any CPU.ActiveCfg = Release|Any CPU
		{AA23AF3B-923C-4E65-BC4C-4E5663E29B1F}.Release|Any CPU.Build.0 = Release|Any CPU
	EndGlobalSection
	GlobalSection(SolutionProperties) = preSolution
		HideSolutionNode = FALSE
	EndGlobalSection
	GlobalSection(ExtensibilityGlobals) = postSolution
		SolutionGuid = {A4012BFD-4BA0-416A-BFC2-4F7DEF32362B}
	EndGlobalSection
EndGlobal
