
Microsoft Visual Studio Solution File, Format Version 12.00
# Visual Studio Version 16
VisualStudioVersion = 16.0.29503.13
MinimumVisualStudioVersion = 10.0.40219.1
Project("{FAE04EC0-301F-11D3-BF4B-00C04F79EFBC}") = "ES.SFTP.Host", "ES.SFTP.Host\ES.SFTP.Host.csproj", "{8B58D1A2-7EF0-4888-8BE6-206D8EBE1A7E}"
EndProject
Global
	GlobalSection(SolutionConfigurationPlatforms) = preSolution
		Debug|Any CPU = Debug|Any CPU
		Release|Any CPU = Release|Any CPU
	EndGlobalSection
	GlobalSection(ProjectConfigurationPlatforms) = postSolution
		{8B58D1A2-7EF0-4888-8BE6-206D8EBE1A7E}.Debug|Any CPU.ActiveCfg = Debug|Any CPU
		{8B58D1A2-7EF0-4888-8BE6-206D8EBE1A7E}.Debug|Any CPU.Build.0 = Debug|Any CPU
		{8B58D1A2-7EF0-4888-8BE6-206D8EBE1A7E}.Release|Any CPU.ActiveCfg = Release|Any CPU
		{8B58D1A2-7EF0-4888-8BE6-206D8EBE1A7E}.Release|Any CPU.Build.0 = Release|Any CPU
	EndGlobalSection
	GlobalSection(SolutionProperties) = preSolution
		HideSolutionNode = FALSE
	EndGlobalSection
	GlobalSection(ExtensibilityGlobals) = postSolution
		SolutionGuid = {A4012BFD-4BA0-416A-BFC2-4F7DEF32362B}
	EndGlobalSection
EndGlobal
